{
  "pins" : [
    {
      "identity" : "analytics-swift",
      "kind" : "remoteSourceControl",
      "location" : "https://github.com/segmentio/analytics-swift.git",
      "state" : {
        "revision" : "33f07bd5e4d216de92a163a8edad2c3216087cd9",
        "version" : "1.5.5"
      }
    },
    {
      "identity" : "jsonsafeencoder-swift",
      "kind" : "remoteSourceControl",
      "location" : "https://github.com/segmentio/jsonsafeencoder-swift.git",
      "state" : {
        "revision" : "8b70dc8c01b7b041912e30e29d2b488a43f782ac",
        "version" : "1.0.1"
      }
    },
    {
      "identity" : "sovran-swift",
      "kind" : "remoteSourceControl",
      "location" : "https://github.com/segmentio/sovran-swift.git",
      "state" : {
        "revision" : "24867f3e4ac62027db9827112135e6531b6f4051",
        "version" : "1.1.2"
      }
    },
    {
      "identity" : "userleap-ios-sdk-releases",
      "kind" : "remoteSourceControl",
      "location" : "https://github.com/UserLeap/userleap-ios-sdk-releases/",
      "state" : {
        "revision" : "fb8ab3993ce0678abd37c5fd4269480177635ed4",
        "version" : "4.21.8"
      }
    }
  ],
  "version" : 2
}
